// !$*UTF8*$!
{
	archiveVersion = 1;
	classes = {
	};
	objectVersion = 46;
	objects = {

/* Begin PBXBuildFile section */
		2D6EF0DF15A6E35100A5A6D0 /* CXMLDocument_CreationExtensions.h in Headers */ = {isa = PBXBuildFile; fileRef = 2D6EF0C315A6E35100A5A6D0 /* CXMLDocument_CreationExtensions.h */; };
		2D6EF0E015A6E35100A5A6D0 /* CXMLDocument_CreationExtensions.m in Sources */ = {isa = PBXBuildFile; fileRef = 2D6EF0C415A6E35100A5A6D0 /* CXMLDocument_CreationExtensions.m */; settings = {COMPILER_FLAGS = "-fno-objc-arc"; }; };
		2D6EF0E215A6E35100A5A6D0 /* CXMLNode_CreationExtensions.h in Headers */ = {isa = PBXBuildFile; fileRef = 2D6EF0C515A6E35100A5A6D0 /* CXMLNode_CreationExtensions.h */; };
		2D6EF0E315A6E35100A5A6D0 /* CXMLNode_CreationExtensions.m in Sources */ = {isa = PBXBuildFile; fileRef = 2D6EF0C615A6E35100A5A6D0 /* CXMLNode_CreationExtensions.m */; settings = {COMPILER_FLAGS = "-fno-objc-arc"; }; };
		2D6EF0E515A6E35100A5A6D0 /* CXHTMLDocument.h in Headers */ = {isa = PBXBuildFile; fileRef = 2D6EF0C715A6E35100A5A6D0 /* CXHTMLDocument.h */; };
		2D6EF0E615A6E35100A5A6D0 /* CXHTMLDocument.m in Sources */ = {isa = PBXBuildFile; fileRef = 2D6EF0C815A6E35100A5A6D0 /* CXHTMLDocument.m */; settings = {COMPILER_FLAGS = "-fno-objc-arc"; }; };
		2D6EF0E815A6E35100A5A6D0 /* CXMLDocument_PrivateExtensions.h in Headers */ = {isa = PBXBuildFile; fileRef = 2D6EF0C915A6E35100A5A6D0 /* CXMLDocument_PrivateExtensions.h */; };
		2D6EF0E915A6E35100A5A6D0 /* CXMLDocument_PrivateExtensions.m in Sources */ = {isa = PBXBuildFile; fileRef = 2D6EF0CA15A6E35100A5A6D0 /* CXMLDocument_PrivateExtensions.m */; settings = {COMPILER_FLAGS = "-fno-objc-arc"; }; };
		2D6EF0EB15A6E35100A5A6D0 /* CXMLDocument.h in Headers */ = {isa = PBXBuildFile; fileRef = 2D6EF0CB15A6E35100A5A6D0 /* CXMLDocument.h */; };
		2D6EF0EC15A6E35100A5A6D0 /* CXMLDocument.m in Sources */ = {isa = PBXBuildFile; fileRef = 2D6EF0CC15A6E35100A5A6D0 /* CXMLDocument.m */; settings = {COMPILER_FLAGS = "-fno-objc-arc"; }; };
		2D6EF0EE15A6E35100A5A6D0 /* CXMLElement_CreationExtensions.h in Headers */ = {isa = PBXBuildFile; fileRef = 2D6EF0CD15A6E35100A5A6D0 /* CXMLElement_CreationExtensions.h */; };
		2D6EF0EF15A6E35100A5A6D0 /* CXMLElement_CreationExtensions.m in Sources */ = {isa = PBXBuildFile; fileRef = 2D6EF0CE15A6E35100A5A6D0 /* CXMLElement_CreationExtensions.m */; settings = {COMPILER_FLAGS = "-fno-objc-arc"; }; };
		2D6EF0F115A6E35100A5A6D0 /* CXMLElement_ElementTreeExtensions.h in Headers */ = {isa = PBXBuildFile; fileRef = 2D6EF0CF15A6E35100A5A6D0 /* CXMLElement_ElementTreeExtensions.h */; };
		2D6EF0F215A6E35100A5A6D0 /* CXMLElement_ElementTreeExtensions.m in Sources */ = {isa = PBXBuildFile; fileRef = 2D6EF0D015A6E35100A5A6D0 /* CXMLElement_ElementTreeExtensions.m */; settings = {COMPILER_FLAGS = "-fno-objc-arc"; }; };
		2D6EF0F415A6E35100A5A6D0 /* CXMLElement.h in Headers */ = {isa = PBXBuildFile; fileRef = 2D6EF0D115A6E35100A5A6D0 /* CXMLElement.h */; };
		2D6EF0F515A6E35100A5A6D0 /* CXMLElement.m in Sources */ = {isa = PBXBuildFile; fileRef = 2D6EF0D215A6E35100A5A6D0 /* CXMLElement.m */; settings = {COMPILER_FLAGS = "-fno-objc-arc"; }; };
		2D6EF0F715A6E35100A5A6D0 /* CXMLNamespaceNode.h in Headers */ = {isa = PBXBuildFile; fileRef = 2D6EF0D315A6E35100A5A6D0 /* CXMLNamespaceNode.h */; };
		2D6EF0F815A6E35100A5A6D0 /* CXMLNamespaceNode.m in Sources */ = {isa = PBXBuildFile; fileRef = 2D6EF0D415A6E35100A5A6D0 /* CXMLNamespaceNode.m */; settings = {COMPILER_FLAGS = "-fno-objc-arc"; }; };
		2D6EF0FA15A6E35100A5A6D0 /* CXMLNode_PrivateExtensions.h in Headers */ = {isa = PBXBuildFile; fileRef = 2D6EF0D515A6E35100A5A6D0 /* CXMLNode_PrivateExtensions.h */; };
		2D6EF0FB15A6E35100A5A6D0 /* CXMLNode_PrivateExtensions.m in Sources */ = {isa = PBXBuildFile; fileRef = 2D6EF0D615A6E35100A5A6D0 /* CXMLNode_PrivateExtensions.m */; settings = {COMPILER_FLAGS = "-fno-objc-arc"; }; };
		2D6EF0FD15A6E35100A5A6D0 /* CXMLNode_XPathExtensions.h in Headers */ = {isa = PBXBuildFile; fileRef = 2D6EF0D715A6E35100A5A6D0 /* CXMLNode_XPathExtensions.h */; };
		2D6EF0FE15A6E35100A5A6D0 /* CXMLNode_XPathExtensions.m in Sources */ = {isa = PBXBuildFile; fileRef = 2D6EF0D815A6E35100A5A6D0 /* CXMLNode_XPathExtensions.m */; settings = {COMPILER_FLAGS = "-fno-objc-arc"; }; };
		2D6EF10015A6E35100A5A6D0 /* CXMLNode.h in Headers */ = {isa = PBXBuildFile; fileRef = 2D6EF0D915A6E35100A5A6D0 /* CXMLNode.h */; };
		2D6EF10115A6E35100A5A6D0 /* CXMLNode.m in Sources */ = {isa = PBXBuildFile; fileRef = 2D6EF0DA15A6E35100A5A6D0 /* CXMLNode.m */; settings = {COMPILER_FLAGS = "-fno-objc-arc"; }; };
		2D6EF10315A6E35100A5A6D0 /* CTidy.h in Headers */ = {isa = PBXBuildFile; fileRef = 2D6EF0DC15A6E35100A5A6D0 /* CTidy.h */; };
		2D6EF10415A6E35100A5A6D0 /* CTidy.m in Sources */ = {isa = PBXBuildFile; fileRef = 2D6EF0DD15A6E35100A5A6D0 /* CTidy.m */; settings = {COMPILER_FLAGS = "-fno-objc-arc"; }; };
		2D6EF10615A6E35100A5A6D0 /* TouchXML.h in Headers */ = {isa = PBXBuildFile; fileRef = 2D6EF0DE15A6E35100A5A6D0 /* TouchXML.h */; };
		A962234314F77ABE001BA985 /* SenTestingKit.framework in Frameworks */ = {isa = PBXBuildFile; fileRef = A962234214F77ABE001BA985 /* SenTestingKit.framework */; };
		A962234614F77ABE001BA985 /* Foundation.framework in Frameworks */ = {isa = PBXBuildFile; fileRef = A9D870E114E3013C00492565 /* Foundation.framework */; };
		A962234C14F77ABE001BA985 /* InfoPlist.strings in Resources */ = {isa = PBXBuildFile; fileRef = A962234A14F77ABE001BA985 /* InfoPlist.strings */; };
		A962234F14F77ABE001BA985 /* AtomParserTests.m in Sources */ = {isa = PBXBuildFile; fileRef = A962234E14F77ABE001BA985 /* AtomParserTests.m */; };
		A962235514F77D9B001BA985 /* libAtomParser.a in Frameworks */ = {isa = PBXBuildFile; fileRef = A9D870DE14E3013C00492565 /* libAtomParser.a */; };
		A9D870E214E3013C00492565 /* Foundation.framework in Frameworks */ = {isa = PBXBuildFile; fileRef = A9D870E114E3013C00492565 /* Foundation.framework */; };
		A9D8712E14E3053400492565 /* Feed.h in Headers */ = {isa = PBXBuildFile; fileRef = A9D8712C14E3053400492565 /* Feed.h */; };
		A9D8712F14E3053400492565 /* Feed.m in Sources */ = {isa = PBXBuildFile; fileRef = A9D8712D14E3053400492565 /* Feed.m */; };
		A9D8713214E3071C00492565 /* Text.h in Headers */ = {isa = PBXBuildFile; fileRef = A9D8713014E3071C00492565 /* Text.h */; };
		A9D8713314E3071C00492565 /* Text.m in Sources */ = {isa = PBXBuildFile; fileRef = A9D8713114E3071C00492565 /* Text.m */; };
		A9D8713614E3076800492565 /* Generator.h in Headers */ = {isa = PBXBuildFile; fileRef = A9D8713414E3076800492565 /* Generator.h */; };
		A9D8713714E3076800492565 /* Generator.m in Sources */ = {isa = PBXBuildFile; fileRef = A9D8713514E3076800492565 /* Generator.m */; };
		A9D8713A14E307A000492565 /* Category.h in Headers */ = {isa = PBXBuildFile; fileRef = A9D8713814E307A000492565 /* Category.h */; };
		A9D8713B14E307A000492565 /* Category.m in Sources */ = {isa = PBXBuildFile; fileRef = A9D8713914E307A000492565 /* Category.m */; };
		A9D8713E14E307C100492565 /* Content.h in Headers */ = {isa = PBXBuildFile; fileRef = A9D8713C14E307C100492565 /* Content.h */; };
		A9D8713F14E307C100492565 /* Content.m in Sources */ = {isa = PBXBuildFile; fileRef = A9D8713D14E307C100492565 /* Content.m */; };
		A9D8714214E3087000492565 /* Entry.h in Headers */ = {isa = PBXBuildFile; fileRef = A9D8714014E3087000492565 /* Entry.h */; };
		A9D8714314E3087000492565 /* Entry.m in Sources */ = {isa = PBXBuildFile; fileRef = A9D8714114E3087000492565 /* Entry.m */; };
		A9D8714614E309FA00492565 /* Link.h in Headers */ = {isa = PBXBuildFile; fileRef = A9D8714414E309F900492565 /* Link.h */; };
		A9D8714714E309FA00492565 /* Link.m in Sources */ = {isa = PBXBuildFile; fileRef = A9D8714514E309F900492565 /* Link.m */; };
		A9D8714A14E30A2600492565 /* Person.h in Headers */ = {isa = PBXBuildFile; fileRef = A9D8714814E30A2600492565 /* Person.h */; };
		A9D8714B14E30A2600492565 /* Person.m in Sources */ = {isa = PBXBuildFile; fileRef = A9D8714914E30A2600492565 /* Person.m */; };
		A9D8715314E3D23000492565 /* AtomDocument.h in Headers */ = {isa = PBXBuildFile; fileRef = A9D8715114E3D23000492565 /* AtomDocument.h */; };
		A9D8715414E3D23000492565 /* AtomDocument.m in Sources */ = {isa = PBXBuildFile; fileRef = A9D8715214E3D23000492565 /* AtomDocument.m */; };
		A9D8715614E3D2A600492565 /* AtomParser.m in Sources */ = {isa = PBXBuildFile; fileRef = A9D8715514E3D2A600492565 /* AtomParser.m */; };
/* End PBXBuildFile section */

/* Begin PBXFileReference section */
		2D6EF0C315A6E35100A5A6D0 /* CXMLDocument_CreationExtensions.h */ = {isa = PBXFileReference; fileEncoding = 4; lastKnownFileType = sourcecode.c.h; path = CXMLDocument_CreationExtensions.h; sourceTree = "<group>"; };
		2D6EF0C415A6E35100A5A6D0 /* CXMLDocument_CreationExtensions.m */ = {isa = PBXFileReference; fileEncoding = 4; lastKnownFileType = sourcecode.c.objc; path = CXMLDocument_CreationExtensions.m; sourceTree = "<group>"; };
		2D6EF0C515A6E35100A5A6D0 /* CXMLNode_CreationExtensions.h */ = {isa = PBXFileReference; fileEncoding = 4; lastKnownFileType = sourcecode.c.h; path = CXMLNode_CreationExtensions.h; sourceTree = "<group>"; };
		2D6EF0C615A6E35100A5A6D0 /* CXMLNode_CreationExtensions.m */ = {isa = PBXFileReference; fileEncoding = 4; lastKnownFileType = sourcecode.c.objc; path = CXMLNode_CreationExtensions.m; sourceTree = "<group>"; };
		2D6EF0C715A6E35100A5A6D0 /* CXHTMLDocument.h */ = {isa = PBXFileReference; fileEncoding = 4; lastKnownFileType = sourcecode.c.h; name = CXHTMLDocument.h; path = Dependencies/TouchXML/Source/CXHTMLDocument.h; sourceTree = "<group>"; };
		2D6EF0C815A6E35100A5A6D0 /* CXHTMLDocument.m */ = {isa = PBXFileReference; fileEncoding = 4; lastKnownFileType = sourcecode.c.objc; name = CXHTMLDocument.m; path = Dependencies/TouchXML/Source/CXHTMLDocument.m; sourceTree = "<group>"; };
		2D6EF0C915A6E35100A5A6D0 /* CXMLDocument_PrivateExtensions.h */ = {isa = PBXFileReference; fileEncoding = 4; lastKnownFileType = sourcecode.c.h; name = CXMLDocument_PrivateExtensions.h; path = Dependencies/TouchXML/Source/CXMLDocument_PrivateExtensions.h; sourceTree = "<group>"; };
		2D6EF0CA15A6E35100A5A6D0 /* CXMLDocument_PrivateExtensions.m */ = {isa = PBXFileReference; fileEncoding = 4; lastKnownFileType = sourcecode.c.objc; name = CXMLDocument_PrivateExtensions.m; path = Dependencies/TouchXML/Source/CXMLDocument_PrivateExtensions.m; sourceTree = "<group>"; };
		2D6EF0CB15A6E35100A5A6D0 /* CXMLDocument.h */ = {isa = PBXFileReference; fileEncoding = 4; lastKnownFileType = sourcecode.c.h; name = CXMLDocument.h; path = Dependencies/TouchXML/Source/CXMLDocument.h; sourceTree = "<group>"; };
		2D6EF0CC15A6E35100A5A6D0 /* CXMLDocument.m */ = {isa = PBXFileReference; fileEncoding = 4; lastKnownFileType = sourcecode.c.objc; name = CXMLDocument.m; path = Dependencies/TouchXML/Source/CXMLDocument.m; sourceTree = "<group>"; };
		2D6EF0CD15A6E35100A5A6D0 /* CXMLElement_CreationExtensions.h */ = {isa = PBXFileReference; fileEncoding = 4; lastKnownFileType = sourcecode.c.h; name = CXMLElement_CreationExtensions.h; path = Dependencies/TouchXML/Source/CXMLElement_CreationExtensions.h; sourceTree = "<group>"; };
		2D6EF0CE15A6E35100A5A6D0 /* CXMLElement_CreationExtensions.m */ = {isa = PBXFileReference; fileEncoding = 4; lastKnownFileType = sourcecode.c.objc; name = CXMLElement_CreationExtensions.m; path = Dependencies/TouchXML/Source/CXMLElement_CreationExtensions.m; sourceTree = "<group>"; };
		2D6EF0CF15A6E35100A5A6D0 /* CXMLElement_ElementTreeExtensions.h */ = {isa = PBXFileReference; fileEncoding = 4; lastKnownFileType = sourcecode.c.h; name = CXMLElement_ElementTreeExtensions.h; path = Dependencies/TouchXML/Source/CXMLElement_ElementTreeExtensions.h; sourceTree = "<group>"; };
		2D6EF0D015A6E35100A5A6D0 /* CXMLElement_ElementTreeExtensions.m */ = {isa = PBXFileReference; fileEncoding = 4; lastKnownFileType = sourcecode.c.objc; name = CXMLElement_ElementTreeExtensions.m; path = Dependencies/TouchXML/Source/CXMLElement_ElementTreeExtensions.m; sourceTree = "<group>"; };
		2D6EF0D115A6E35100A5A6D0 /* CXMLElement.h */ = {isa = PBXFileReference; fileEncoding = 4; lastKnownFileType = sourcecode.c.h; name = CXMLElement.h; path = Dependencies/TouchXML/Source/CXMLElement.h; sourceTree = "<group>"; };
		2D6EF0D215A6E35100A5A6D0 /* CXMLElement.m */ = {isa = PBXFileReference; fileEncoding = 4; lastKnownFileType = sourcecode.c.objc; name = CXMLElement.m; path = Dependencies/TouchXML/Source/CXMLElement.m; sourceTree = "<group>"; };
		2D6EF0D315A6E35100A5A6D0 /* CXMLNamespaceNode.h */ = {isa = PBXFileReference; fileEncoding = 4; lastKnownFileType = sourcecode.c.h; name = CXMLNamespaceNode.h; path = Dependencies/TouchXML/Source/CXMLNamespaceNode.h; sourceTree = "<group>"; };
		2D6EF0D415A6E35100A5A6D0 /* CXMLNamespaceNode.m */ = {isa = PBXFileReference; fileEncoding = 4; lastKnownFileType = sourcecode.c.objc; name = CXMLNamespaceNode.m; path = Dependencies/TouchXML/Source/CXMLNamespaceNode.m; sourceTree = "<group>"; };
		2D6EF0D515A6E35100A5A6D0 /* CXMLNode_PrivateExtensions.h */ = {isa = PBXFileReference; fileEncoding = 4; lastKnownFileType = sourcecode.c.h; name = CXMLNode_PrivateExtensions.h; path = Dependencies/TouchXML/Source/CXMLNode_PrivateExtensions.h; sourceTree = "<group>"; };
		2D6EF0D615A6E35100A5A6D0 /* CXMLNode_PrivateExtensions.m */ = {isa = PBXFileReference; fileEncoding = 4; lastKnownFileType = sourcecode.c.objc; name = CXMLNode_PrivateExtensions.m; path = Dependencies/TouchXML/Source/CXMLNode_PrivateExtensions.m; sourceTree = "<group>"; };
		2D6EF0D715A6E35100A5A6D0 /* CXMLNode_XPathExtensions.h */ = {isa = PBXFileReference; fileEncoding = 4; lastKnownFileType = sourcecode.c.h; name = CXMLNode_XPathExtensions.h; path = Dependencies/TouchXML/Source/CXMLNode_XPathExtensions.h; sourceTree = "<group>"; };
		2D6EF0D815A6E35100A5A6D0 /* CXMLNode_XPathExtensions.m */ = {isa = PBXFileReference; fileEncoding = 4; lastKnownFileType = sourcecode.c.objc; name = CXMLNode_XPathExtensions.m; path = Dependencies/TouchXML/Source/CXMLNode_XPathExtensions.m; sourceTree = "<group>"; };
		2D6EF0D915A6E35100A5A6D0 /* CXMLNode.h */ = {isa = PBXFileReference; fileEncoding = 4; lastKnownFileType = sourcecode.c.h; name = CXMLNode.h; path = Dependencies/TouchXML/Source/CXMLNode.h; sourceTree = "<group>"; };
		2D6EF0DA15A6E35100A5A6D0 /* CXMLNode.m */ = {isa = PBXFileReference; fileEncoding = 4; lastKnownFileType = sourcecode.c.objc; name = CXMLNode.m; path = Dependencies/TouchXML/Source/CXMLNode.m; sourceTree = "<group>"; };
		2D6EF0DC15A6E35100A5A6D0 /* CTidy.h */ = {isa = PBXFileReference; fileEncoding = 4; lastKnownFileType = sourcecode.c.h; path = CTidy.h; sourceTree = "<group>"; };
		2D6EF0DD15A6E35100A5A6D0 /* CTidy.m */ = {isa = PBXFileReference; fileEncoding = 4; lastKnownFileType = sourcecode.c.objc; path = CTidy.m; sourceTree = "<group>"; };
		2D6EF0DE15A6E35100A5A6D0 /* TouchXML.h */ = {isa = PBXFileReference; fileEncoding = 4; lastKnownFileType = sourcecode.c.h; name = TouchXML.h; path = Dependencies/TouchXML/Source/TouchXML.h; sourceTree = "<group>"; };
		A962234114F77ABE001BA985 /* AtomParserTests.octest */ = {isa = PBXFileReference; explicitFileType = wrapper.cfbundle; includeInIndex = 0; path = AtomParserTests.octest; sourceTree = BUILT_PRODUCTS_DIR; };
		A962234214F77ABE001BA985 /* SenTestingKit.framework */ = {isa = PBXFileReference; lastKnownFileType = wrapper.framework; name = SenTestingKit.framework; path = Library/Frameworks/SenTestingKit.framework; sourceTree = DEVELOPER_DIR; };
		A962234914F77ABE001BA985 /* AtomParserTests-Info.plist */ = {isa = PBXFileReference; lastKnownFileType = text.plist.xml; path = "AtomParserTests-Info.plist"; sourceTree = "<group>"; };
		A962234B14F77ABE001BA985 /* en */ = {isa = PBXFileReference; lastKnownFileType = text.plist.strings; name = en; path = en.lproj/InfoPlist.strings; sourceTree = "<group>"; };
		A962234D14F77ABE001BA985 /* AtomParserTests.h */ = {isa = PBXFileReference; lastKnownFileType = sourcecode.c.h; path = AtomParserTests.h; sourceTree = "<group>"; };
		A962234E14F77ABE001BA985 /* AtomParserTests.m */ = {isa = PBXFileReference; lastKnownFileType = sourcecode.c.objc; path = AtomParserTests.m; sourceTree = "<group>"; };
		A962235014F77ABE001BA985 /* AtomParserTests-Prefix.pch */ = {isa = PBXFileReference; lastKnownFileType = sourcecode.c.h; path = "AtomParserTests-Prefix.pch"; sourceTree = "<group>"; };
		A9D870DE14E3013C00492565 /* libAtomParser.a */ = {isa = PBXFileReference; explicitFileType = archive.ar; includeInIndex = 0; path = libAtomParser.a; sourceTree = BUILT_PRODUCTS_DIR; };
		A9D870E114E3013C00492565 /* Foundation.framework */ = {isa = PBXFileReference; lastKnownFileType = wrapper.framework; name = Foundation.framework; path = System/Library/Frameworks/Foundation.framework; sourceTree = SDKROOT; };
		A9D870E514E3013C00492565 /* AtomParser-Prefix.pch */ = {isa = PBXFileReference; lastKnownFileType = sourcecode.c.h; path = "AtomParser-Prefix.pch"; sourceTree = "<group>"; };
		A9D870E614E3013C00492565 /* AtomParser.h */ = {isa = PBXFileReference; lastKnownFileType = sourcecode.c.h; path = AtomParser.h; sourceTree = "<group>"; };
		A9D8712C14E3053400492565 /* Feed.h */ = {isa = PBXFileReference; fileEncoding = 4; lastKnownFileType = sourcecode.c.h; path = Feed.h; sourceTree = "<group>"; };
		A9D8712D14E3053400492565 /* Feed.m */ = {isa = PBXFileReference; fileEncoding = 4; lastKnownFileType = sourcecode.c.objc; path = Feed.m; sourceTree = "<group>"; };
		A9D8713014E3071C00492565 /* Text.h */ = {isa = PBXFileReference; fileEncoding = 4; lastKnownFileType = sourcecode.c.h; path = Text.h; sourceTree = "<group>"; };
		A9D8713114E3071C00492565 /* Text.m */ = {isa = PBXFileReference; fileEncoding = 4; lastKnownFileType = sourcecode.c.objc; path = Text.m; sourceTree = "<group>"; };
		A9D8713414E3076800492565 /* Generator.h */ = {isa = PBXFileReference; fileEncoding = 4; lastKnownFileType = sourcecode.c.h; path = Generator.h; sourceTree = "<group>"; };
		A9D8713514E3076800492565 /* Generator.m */ = {isa = PBXFileReference; fileEncoding = 4; lastKnownFileType = sourcecode.c.objc; path = Generator.m; sourceTree = "<group>"; };
		A9D8713814E307A000492565 /* Category.h */ = {isa = PBXFileReference; fileEncoding = 4; lastKnownFileType = sourcecode.c.h; path = Category.h; sourceTree = "<group>"; };
		A9D8713914E307A000492565 /* Category.m */ = {isa = PBXFileReference; fileEncoding = 4; lastKnownFileType = sourcecode.c.objc; path = Category.m; sourceTree = "<group>"; };
		A9D8713C14E307C100492565 /* Content.h */ = {isa = PBXFileReference; fileEncoding = 4; lastKnownFileType = sourcecode.c.h; path = Content.h; sourceTree = "<group>"; };
		A9D8713D14E307C100492565 /* Content.m */ = {isa = PBXFileReference; fileEncoding = 4; lastKnownFileType = sourcecode.c.objc; path = Content.m; sourceTree = "<group>"; };
		A9D8714014E3087000492565 /* Entry.h */ = {isa = PBXFileReference; fileEncoding = 4; lastKnownFileType = sourcecode.c.h; path = Entry.h; sourceTree = "<group>"; };
		A9D8714114E3087000492565 /* Entry.m */ = {isa = PBXFileReference; fileEncoding = 4; lastKnownFileType = sourcecode.c.objc; path = Entry.m; sourceTree = "<group>"; };
		A9D8714414E309F900492565 /* Link.h */ = {isa = PBXFileReference; fileEncoding = 4; lastKnownFileType = sourcecode.c.h; path = Link.h; sourceTree = "<group>"; };
		A9D8714514E309F900492565 /* Link.m */ = {isa = PBXFileReference; fileEncoding = 4; lastKnownFileType = sourcecode.c.objc; path = Link.m; sourceTree = "<group>"; };
		A9D8714814E30A2600492565 /* Person.h */ = {isa = PBXFileReference; fileEncoding = 4; lastKnownFileType = sourcecode.c.h; path = Person.h; sourceTree = "<group>"; };
		A9D8714914E30A2600492565 /* Person.m */ = {isa = PBXFileReference; fileEncoding = 4; lastKnownFileType = sourcecode.c.objc; path = Person.m; sourceTree = "<group>"; };
		A9D8715114E3D23000492565 /* AtomDocument.h */ = {isa = PBXFileReference; fileEncoding = 4; lastKnownFileType = sourcecode.c.h; path = AtomDocument.h; sourceTree = "<group>"; };
		A9D8715214E3D23000492565 /* AtomDocument.m */ = {isa = PBXFileReference; fileEncoding = 4; lastKnownFileType = sourcecode.c.objc; path = AtomDocument.m; sourceTree = "<group>"; };
		A9D8715514E3D2A600492565 /* AtomParser.m */ = {isa = PBXFileReference; fileEncoding = 4; lastKnownFileType = sourcecode.c.objc; path = AtomParser.m; sourceTree = "<group>"; };
/* End PBXFileReference section */

/* Begin PBXFrameworksBuildPhase section */
		A962233D14F77ABE001BA985 /* Frameworks */ = {
			isa = PBXFrameworksBuildPhase;
			buildActionMask = 2147483647;
			files = (
				A962235514F77D9B001BA985 /* libAtomParser.a in Frameworks */,
				A962234314F77ABE001BA985 /* SenTestingKit.framework in Frameworks */,
				A962234614F77ABE001BA985 /* Foundation.framework in Frameworks */,
			);
			runOnlyForDeploymentPostprocessing = 0;
		};
		A9D870DB14E3013C00492565 /* Frameworks */ = {
			isa = PBXFrameworksBuildPhase;
			buildActionMask = 2147483647;
			files = (
				A9D870E214E3013C00492565 /* Foundation.framework in Frameworks */,
			);
			runOnlyForDeploymentPostprocessing = 0;
		};
/* End PBXFrameworksBuildPhase section */

/* Begin PBXGroup section */
		2D6EF0C115A6E34600A5A6D0 /* Dependencies */ = {
			isa = PBXGroup;
			children = (
				2D6EF0C215A6E35100A5A6D0 /* Creation */,
				2D6EF0C715A6E35100A5A6D0 /* CXHTMLDocument.h */,
				2D6EF0C815A6E35100A5A6D0 /* CXHTMLDocument.m */,
				2D6EF0C915A6E35100A5A6D0 /* CXMLDocument_PrivateExtensions.h */,
				2D6EF0CA15A6E35100A5A6D0 /* CXMLDocument_PrivateExtensions.m */,
				2D6EF0CB15A6E35100A5A6D0 /* CXMLDocument.h */,
				2D6EF0CC15A6E35100A5A6D0 /* CXMLDocument.m */,
				2D6EF0CD15A6E35100A5A6D0 /* CXMLElement_CreationExtensions.h */,
				2D6EF0CE15A6E35100A5A6D0 /* CXMLElement_CreationExtensions.m */,
				2D6EF0CF15A6E35100A5A6D0 /* CXMLElement_ElementTreeExtensions.h */,
				2D6EF0D015A6E35100A5A6D0 /* CXMLElement_ElementTreeExtensions.m */,
				2D6EF0D115A6E35100A5A6D0 /* CXMLElement.h */,
				2D6EF0D215A6E35100A5A6D0 /* CXMLElement.m */,
				2D6EF0D315A6E35100A5A6D0 /* CXMLNamespaceNode.h */,
				2D6EF0D415A6E35100A5A6D0 /* CXMLNamespaceNode.m */,
				2D6EF0D515A6E35100A5A6D0 /* CXMLNode_PrivateExtensions.h */,
				2D6EF0D615A6E35100A5A6D0 /* CXMLNode_PrivateExtensions.m */,
				2D6EF0D715A6E35100A5A6D0 /* CXMLNode_XPathExtensions.h */,
				2D6EF0D815A6E35100A5A6D0 /* CXMLNode_XPathExtensions.m */,
				2D6EF0D915A6E35100A5A6D0 /* CXMLNode.h */,
				2D6EF0DA15A6E35100A5A6D0 /* CXMLNode.m */,
				2D6EF0DB15A6E35100A5A6D0 /* Tidy */,
				2D6EF0DE15A6E35100A5A6D0 /* TouchXML.h */,
			);
			name = Dependencies;
			sourceTree = "<group>";
		};
		2D6EF0C215A6E35100A5A6D0 /* Creation */ = {
			isa = PBXGroup;
			children = (
				2D6EF0C315A6E35100A5A6D0 /* CXMLDocument_CreationExtensions.h */,
				2D6EF0C415A6E35100A5A6D0 /* CXMLDocument_CreationExtensions.m */,
				2D6EF0C515A6E35100A5A6D0 /* CXMLNode_CreationExtensions.h */,
				2D6EF0C615A6E35100A5A6D0 /* CXMLNode_CreationExtensions.m */,
			);
			name = Creation;
			path = Dependencies/TouchXML/Source/Creation;
			sourceTree = "<group>";
		};
		2D6EF0DB15A6E35100A5A6D0 /* Tidy */ = {
			isa = PBXGroup;
			children = (
				2D6EF0DC15A6E35100A5A6D0 /* CTidy.h */,
				2D6EF0DD15A6E35100A5A6D0 /* CTidy.m */,
			);
			name = Tidy;
			path = Dependencies/TouchXML/Source/Tidy;
			sourceTree = "<group>";
		};
		A962234714F77ABE001BA985 /* AtomParserTests */ = {
			isa = PBXGroup;
			children = (
				A962234D14F77ABE001BA985 /* AtomParserTests.h */,
				A962234E14F77ABE001BA985 /* AtomParserTests.m */,
				A962234814F77ABE001BA985 /* Supporting Files */,
			);
			path = AtomParserTests;
			sourceTree = "<group>";
		};
		A962234814F77ABE001BA985 /* Supporting Files */ = {
			isa = PBXGroup;
			children = (
				A962234914F77ABE001BA985 /* AtomParserTests-Info.plist */,
				A962234A14F77ABE001BA985 /* InfoPlist.strings */,
				A962235014F77ABE001BA985 /* AtomParserTests-Prefix.pch */,
			);
			name = "Supporting Files";
			sourceTree = "<group>";
		};
		A9D870D314E3013C00492565 = {
			isa = PBXGroup;
			children = (
				2D6EF0C115A6E34600A5A6D0 /* Dependencies */,
				A9D870E314E3013C00492565 /* AtomParser */,
				A962234714F77ABE001BA985 /* AtomParserTests */,
				A9D870E014E3013C00492565 /* Frameworks */,
				A9D870DF14E3013C00492565 /* Products */,
			);
			sourceTree = "<group>";
		};
		A9D870DF14E3013C00492565 /* Products */ = {
			isa = PBXGroup;
			children = (
				A9D870DE14E3013C00492565 /* libAtomParser.a */,
				A962234114F77ABE001BA985 /* AtomParserTests.octest */,
			);
			name = Products;
			sourceTree = "<group>";
		};
		A9D870E014E3013C00492565 /* Frameworks */ = {
			isa = PBXGroup;
			children = (
				A9D870E114E3013C00492565 /* Foundation.framework */,
				A962234214F77ABE001BA985 /* SenTestingKit.framework */,
			);
			name = Frameworks;
			sourceTree = "<group>";
		};
		A9D870E314E3013C00492565 /* AtomParser */ = {
			isa = PBXGroup;
			children = (
				A9D8712714E3041800492565 /* AtomParser */,
				A9D870E414E3013C00492565 /* Supporting Files */,
			);
			path = AtomParser;
			sourceTree = "<group>";
		};
		A9D870E414E3013C00492565 /* Supporting Files */ = {
			isa = PBXGroup;
			children = (
				A9D870E514E3013C00492565 /* AtomParser-Prefix.pch */,
			);
			name = "Supporting Files";
			sourceTree = "<group>";
		};
		A9D8712714E3041800492565 /* AtomParser */ = {
			isa = PBXGroup;
			children = (
				A9D8714C14E3A7D000492565 /* Atom Elements */,
				A9D870E614E3013C00492565 /* AtomParser.h */,
				A9D8715514E3D2A600492565 /* AtomParser.m */,
				A9D8715114E3D23000492565 /* AtomDocument.h */,
				A9D8715214E3D23000492565 /* AtomDocument.m */,
			);
			name = AtomParser;
			sourceTree = "<group>";
		};
		A9D8714C14E3A7D000492565 /* Atom Elements */ = {
			isa = PBXGroup;
			children = (
				A9D8712C14E3053400492565 /* Feed.h */,
				A9D8712D14E3053400492565 /* Feed.m */,
				A9D8713014E3071C00492565 /* Text.h */,
				A9D8713114E3071C00492565 /* Text.m */,
				A9D8713414E3076800492565 /* Generator.h */,
				A9D8713514E3076800492565 /* Generator.m */,
				A9D8713814E307A000492565 /* Category.h */,
				A9D8713914E307A000492565 /* Category.m */,
				A9D8713C14E307C100492565 /* Content.h */,
				A9D8713D14E307C100492565 /* Content.m */,
				A9D8714014E3087000492565 /* Entry.h */,
				A9D8714114E3087000492565 /* Entry.m */,
				A9D8714414E309F900492565 /* Link.h */,
				A9D8714514E309F900492565 /* Link.m */,
				A9D8714814E30A2600492565 /* Person.h */,
				A9D8714914E30A2600492565 /* Person.m */,
			);
			name = "Atom Elements";
			sourceTree = "<group>";
		};
/* End PBXGroup section */

/* Begin PBXHeadersBuildPhase section */
		A9D870DC14E3013C00492565 /* Headers */ = {
			isa = PBXHeadersBuildPhase;
			buildActionMask = 2147483647;
			files = (
				A9D8712E14E3053400492565 /* Feed.h in Headers */,
				A9D8713214E3071C00492565 /* Text.h in Headers */,
				A9D8713614E3076800492565 /* Generator.h in Headers */,
				A9D8713A14E307A000492565 /* Category.h in Headers */,
				A9D8713E14E307C100492565 /* Content.h in Headers */,
				A9D8714214E3087000492565 /* Entry.h in Headers */,
				A9D8714614E309FA00492565 /* Link.h in Headers */,
				A9D8714A14E30A2600492565 /* Person.h in Headers */,
				A9D8715314E3D23000492565 /* AtomDocument.h in Headers */,
				2D6EF0DF15A6E35100A5A6D0 /* CXMLDocument_CreationExtensions.h in Headers */,
				2D6EF0E215A6E35100A5A6D0 /* CXMLNode_CreationExtensions.h in Headers */,
				2D6EF0E515A6E35100A5A6D0 /* CXHTMLDocument.h in Headers */,
				2D6EF0E815A6E35100A5A6D0 /* CXMLDocument_PrivateExtensions.h in Headers */,
				2D6EF0EB15A6E35100A5A6D0 /* CXMLDocument.h in Headers */,
				2D6EF0EE15A6E35100A5A6D0 /* CXMLElement_CreationExtensions.h in Headers */,
				2D6EF0F115A6E35100A5A6D0 /* CXMLElement_ElementTreeExtensions.h in Headers */,
				2D6EF0F415A6E35100A5A6D0 /* CXMLElement.h in Headers */,
				2D6EF0F715A6E35100A5A6D0 /* CXMLNamespaceNode.h in Headers */,
				2D6EF0FA15A6E35100A5A6D0 /* CXMLNode_PrivateExtensions.h in Headers */,
				2D6EF0FD15A6E35100A5A6D0 /* CXMLNode_XPathExtensions.h in Headers */,
				2D6EF10015A6E35100A5A6D0 /* CXMLNode.h in Headers */,
				2D6EF10315A6E35100A5A6D0 /* CTidy.h in Headers */,
				2D6EF10615A6E35100A5A6D0 /* TouchXML.h in Headers */,
			);
			runOnlyForDeploymentPostprocessing = 0;
		};
/* End PBXHeadersBuildPhase section */

/* Begin PBXNativeTarget section */
		A962234014F77ABE001BA985 /* AtomParserTests */ = {
			isa = PBXNativeTarget;
			buildConfigurationList = A962235314F77ABE001BA985 /* Build configuration list for PBXNativeTarget "AtomParserTests" */;
			buildPhases = (
				A962233C14F77ABE001BA985 /* Sources */,
				A962233D14F77ABE001BA985 /* Frameworks */,
				A962233E14F77ABE001BA985 /* Resources */,
				A962233F14F77ABE001BA985 /* ShellScript */,
			);
			buildRules = (
			);
			dependencies = (
			);
			name = AtomParserTests;
			productName = AtomParserTests;
			productReference = A962234114F77ABE001BA985 /* AtomParserTests.octest */;
			productType = "com.apple.product-type.bundle";
		};
		A9D870DD14E3013C00492565 /* AtomParser */ = {
			isa = PBXNativeTarget;
			buildConfigurationList = A9D870EB14E3013C00492565 /* Build configuration list for PBXNativeTarget "AtomParser" */;
			buildPhases = (
				A9D870DA14E3013C00492565 /* Sources */,
				A9D870DB14E3013C00492565 /* Frameworks */,
				A9D870DC14E3013C00492565 /* Headers */,
			);
			buildRules = (
			);
			dependencies = (
			);
			name = AtomParser;
			productName = AtomParser;
			productReference = A9D870DE14E3013C00492565 /* libAtomParser.a */;
			productType = "com.apple.product-type.library.static";
		};
/* End PBXNativeTarget section */

/* Begin PBXProject section */
		A9D870D514E3013C00492565 /* Project object */ = {
			isa = PBXProject;
			attributes = {
				LastUpgradeCheck = 0430;
				ORGANIZATIONNAME = "Aarhus University";
			};
			buildConfigurationList = A9D870D814E3013C00492565 /* Build configuration list for PBXProject "AtomParser" */;
			compatibilityVersion = "Xcode 3.2";
			developmentRegion = English;
			hasScannedForEncodings = 0;
			knownRegions = (
				en,
			);
			mainGroup = A9D870D314E3013C00492565;
			productRefGroup = A9D870DF14E3013C00492565 /* Products */;
			projectDirPath = "";
			projectRoot = "";
			targets = (
				A9D870DD14E3013C00492565 /* AtomParser */,
				A962234014F77ABE001BA985 /* AtomParserTests */,
			);
		};
/* End PBXProject section */

/* Begin PBXResourcesBuildPhase section */
		A962233E14F77ABE001BA985 /* Resources */ = {
			isa = PBXResourcesBuildPhase;
			buildActionMask = 2147483647;
			files = (
				A962234C14F77ABE001BA985 /* InfoPlist.strings in Resources */,
			);
			runOnlyForDeploymentPostprocessing = 0;
		};
/* End PBXResourcesBuildPhase section */

/* Begin PBXShellScriptBuildPhase section */
		A962233F14F77ABE001BA985 /* ShellScript */ = {
			isa = PBXShellScriptBuildPhase;
			buildActionMask = 2147483647;
			files = (
			);
			inputPaths = (
			);
			outputPaths = (
			);
			runOnlyForDeploymentPostprocessing = 0;
			shellPath = /bin/sh;
			shellScript = "# Run the unit tests in this test bundle.\n\"${SYSTEM_DEVELOPER_DIR}/Tools/RunUnitTests\"\n";
		};
/* End PBXShellScriptBuildPhase section */

/* Begin PBXSourcesBuildPhase section */
		A962233C14F77ABE001BA985 /* Sources */ = {
			isa = PBXSourcesBuildPhase;
			buildActionMask = 2147483647;
			files = (
				A962234F14F77ABE001BA985 /* AtomParserTests.m in Sources */,
			);
			runOnlyForDeploymentPostprocessing = 0;
		};
		A9D870DA14E3013C00492565 /* Sources */ = {
			isa = PBXSourcesBuildPhase;
			buildActionMask = 2147483647;
			files = (
				A9D8712F14E3053400492565 /* Feed.m in Sources */,
				A9D8713314E3071C00492565 /* Text.m in Sources */,
				A9D8713714E3076800492565 /* Generator.m in Sources */,
				A9D8713B14E307A000492565 /* Category.m in Sources */,
				A9D8713F14E307C100492565 /* Content.m in Sources */,
				A9D8714314E3087000492565 /* Entry.m in Sources */,
				A9D8714714E309FA00492565 /* Link.m in Sources */,
				A9D8714B14E30A2600492565 /* Person.m in Sources */,
				A9D8715414E3D23000492565 /* AtomDocument.m in Sources */,
				A9D8715614E3D2A600492565 /* AtomParser.m in Sources */,
				2D6EF0E015A6E35100A5A6D0 /* CXMLDocument_CreationExtensions.m in Sources */,
				2D6EF0E315A6E35100A5A6D0 /* CXMLNode_CreationExtensions.m in Sources */,
				2D6EF0E615A6E35100A5A6D0 /* CXHTMLDocument.m in Sources */,
				2D6EF0E915A6E35100A5A6D0 /* CXMLDocument_PrivateExtensions.m in Sources */,
				2D6EF0EC15A6E35100A5A6D0 /* CXMLDocument.m in Sources */,
				2D6EF0EF15A6E35100A5A6D0 /* CXMLElement_CreationExtensions.m in Sources */,
				2D6EF0F215A6E35100A5A6D0 /* CXMLElement_ElementTreeExtensions.m in Sources */,
				2D6EF0F515A6E35100A5A6D0 /* CXMLElement.m in Sources */,
				2D6EF0F815A6E35100A5A6D0 /* CXMLNamespaceNode.m in Sources */,
				2D6EF0FB15A6E35100A5A6D0 /* CXMLNode_PrivateExtensions.m in Sources */,
				2D6EF0FE15A6E35100A5A6D0 /* CXMLNode_XPathExtensions.m in Sources */,
				2D6EF10115A6E35100A5A6D0 /* CXMLNode.m in Sources */,
				2D6EF10415A6E35100A5A6D0 /* CTidy.m in Sources */,
			);
			runOnlyForDeploymentPostprocessing = 0;
		};
/* End PBXSourcesBuildPhase section */

/* Begin PBXVariantGroup section */
		A962234A14F77ABE001BA985 /* InfoPlist.strings */ = {
			isa = PBXVariantGroup;
			children = (
				A962234B14F77ABE001BA985 /* en */,
			);
			name = InfoPlist.strings;
			sourceTree = "<group>";
		};
/* End PBXVariantGroup section */

/* Begin XCBuildConfiguration section */
		A962235114F77ABE001BA985 /* Debug */ = {
			isa = XCBuildConfiguration;
			buildSettings = {
				FRAMEWORK_SEARCH_PATHS = (
					"$(SDKROOT)/Developer/Library/Frameworks",
					"$(DEVELOPER_LIBRARY_DIR)/Frameworks",
				);
				GCC_PRECOMPILE_PREFIX_HEADER = YES;
				GCC_PREFIX_HEADER = "AtomParserTests/AtomParserTests-Prefix.pch";
				INFOPLIST_FILE = "AtomParserTests/AtomParserTests-Info.plist";
				OTHER_LDFLAGS = (
					"-ObjC",
					"-lxml2",
				);
				PRODUCT_NAME = "$(TARGET_NAME)";
				WRAPPER_EXTENSION = octest;
			};
			name = Debug;
		};
		A962235214F77ABE001BA985 /* Release */ = {
			isa = XCBuildConfiguration;
			buildSettings = {
				FRAMEWORK_SEARCH_PATHS = (
					"$(SDKROOT)/Developer/Library/Frameworks",
					"$(DEVELOPER_LIBRARY_DIR)/Frameworks",
				);
				GCC_PRECOMPILE_PREFIX_HEADER = YES;
				GCC_PREFIX_HEADER = "AtomParserTests/AtomParserTests-Prefix.pch";
				INFOPLIST_FILE = "AtomParserTests/AtomParserTests-Info.plist";
				OTHER_LDFLAGS = (
					"-ObjC",
					"-lxml2",
				);
				PRODUCT_NAME = "$(TARGET_NAME)";
				WRAPPER_EXTENSION = octest;
			};
			name = Release;
		};
		A9D870E914E3013C00492565 /* Debug */ = {
			isa = XCBuildConfiguration;
			buildSettings = {
				ALWAYS_SEARCH_USER_PATHS = NO;
				ARCHS = "$(ARCHS_STANDARD_32_BIT)";
				CLANG_ENABLE_OBJC_ARC = YES;
				COPY_PHASE_STRIP = NO;
				GCC_C_LANGUAGE_STANDARD = gnu99;
				GCC_DYNAMIC_NO_PIC = NO;
				GCC_OPTIMIZATION_LEVEL = 0;
				GCC_PREPROCESSOR_DEFINITIONS = (
					"DEBUG=1",
					"$(inherited)",
				);
				GCC_SYMBOLS_PRIVATE_EXTERN = NO;
				GCC_VERSION = com.apple.compilers.llvm.clang.1_0;
				GCC_WARN_ABOUT_MISSING_PROTOTYPES = YES;
				GCC_WARN_ABOUT_RETURN_TYPE = YES;
				GCC_WARN_UNUSED_VARIABLE = YES;
				HEADER_SEARCH_PATHS = /usr/include/libxml2/;
				IPHONEOS_DEPLOYMENT_TARGET = 5.0;
				OTHER_LDFLAGS = "-lxml2";
				SDKROOT = iphoneos;
			};
			name = Debug;
		};
		A9D870EA14E3013C00492565 /* Release */ = {
			isa = XCBuildConfiguration;
			buildSettings = {
				ALWAYS_SEARCH_USER_PATHS = NO;
				ARCHS = "$(ARCHS_STANDARD_32_BIT)";
				CLANG_ENABLE_OBJC_ARC = YES;
				COPY_PHASE_STRIP = YES;
				GCC_C_LANGUAGE_STANDARD = gnu99;
				GCC_VERSION = com.apple.compilers.llvm.clang.1_0;
				GCC_WARN_ABOUT_MISSING_PROTOTYPES = YES;
				GCC_WARN_ABOUT_RETURN_TYPE = YES;
				GCC_WARN_UNUSED_VARIABLE = YES;
				HEADER_SEARCH_PATHS = /usr/include/libxml2/;
				IPHONEOS_DEPLOYMENT_TARGET = 5.0;
				OTHER_LDFLAGS = "-lxml2";
				SDKROOT = iphoneos;
				VALIDATE_PRODUCT = YES;
			};
			name = Release;
		};
		A9D870EC14E3013C00492565 /* Debug */ = {
			isa = XCBuildConfiguration;
			buildSettings = {
				DSTROOT = /tmp/AtomParser.dst;
				GCC_PRECOMPILE_PREFIX_HEADER = YES;
				GCC_PREFIX_HEADER = "AtomParser/AtomParser-Prefix.pch";
				OTHER_LDFLAGS = "-ObjC";
				PRODUCT_NAME = "$(TARGET_NAME)";
				SKIP_INSTALL = YES;
				TEST_AFTER_BUILD = NO;
			};
			name = Debug;
		};
		A9D870ED14E3013C00492565 /* Release */ = {
			isa = XCBuildConfiguration;
			buildSettings = {
				DSTROOT = /tmp/AtomParser.dst;
				GCC_PRECOMPILE_PREFIX_HEADER = YES;
				GCC_PREFIX_HEADER = "AtomParser/AtomParser-Prefix.pch";
				OTHER_LDFLAGS = "-ObjC";
				PRODUCT_NAME = "$(TARGET_NAME)";
				SKIP_INSTALL = YES;
				TEST_AFTER_BUILD = NO;
			};
			name = Release;
		};
/* End XCBuildConfiguration section */

/* Begin XCConfigurationList section */
		A962235314F77ABE001BA985 /* Build configuration list for PBXNativeTarget "AtomParserTests" */ = {
			isa = XCConfigurationList;
			buildConfigurations = (
				A962235114F77ABE001BA985 /* Debug */,
				A962235214F77ABE001BA985 /* Release */,
			);
			defaultConfigurationIsVisible = 0;
			defaultConfigurationName = Release;
		};
		A9D870D814E3013C00492565 /* Build configuration list for PBXProject "AtomParser" */ = {
			isa = XCConfigurationList;
			buildConfigurations = (
				A9D870E914E3013C00492565 /* Debug */,
				A9D870EA14E3013C00492565 /* Release */,
			);
			defaultConfigurationIsVisible = 0;
			defaultConfigurationName = Release;
		};
		A9D870EB14E3013C00492565 /* Build configuration list for PBXNativeTarget "AtomParser" */ = {
			isa = XCConfigurationList;
			buildConfigurations = (
				A9D870EC14E3013C00492565 /* Debug */,
				A9D870ED14E3013C00492565 /* Release */,
			);
			defaultConfigurationIsVisible = 0;
			defaultConfigurationName = Release;
		};
/* End XCConfigurationList section */
	};
	rootObject = A9D870D514E3013C00492565 /* Project object */;
}
